
Microsoft Visual Studio Solution File, Format Version 12.00
# Visual Studio Version 17
VisualStudioVersion = 17.10.35122.118
MinimumVisualStudioVersion = 10.0.40219.1
Project("{FAE04EC0-301F-11D3-BF4B-00C04F79EFBC}") = "Datatypes", "Datatypes.csproj", "{CDC5EFC6-65AF-46EC-B4AB-DA743EEAA67F}"
EndProject
Global
	GlobalSection(SolutionConfigurationPlatforms) = preSolution
		Debug|Any CPU = Debug|Any CPU
		Release|Any CPU = Release|Any CPU
	EndGlobalSection
	GlobalSection(ProjectConfigurationPlatforms) = postSolution
		{CDC5EFC6-65AF-46EC-B4AB-DA743EEAA67F}.Debug|Any CPU.ActiveCfg = Debug|Any CPU
		{CDC5EFC6-65AF-46EC-B4AB-DA743EEAA67F}.Debug|Any CPU.Build.0 = Debug|Any CPU
		{CDC5EFC6-65AF-46EC-B4AB-DA743EEAA67F}.Release|Any CPU.ActiveCfg = Release|Any CPU
		{CDC5EFC6-65AF-46EC-B4AB-DA743EEAA67F}.Release|Any CPU.Build.0 = Release|Any CPU
	EndGlobalSection
	GlobalSection(SolutionProperties) = preSolution
		HideSolutionNode = FALSE
	EndGlobalSection
	GlobalSection(ExtensibilityGlobals) = postSolution
		SolutionGuid = {2993AB3F-2412-49EC-8C4B-E43AE78E607A}
	EndGlobalSection
EndGlobal
